{
  "name": "my-research-nav",
  "version": "1.0.0",
  "lockfileVersion": 3,
  "requires": true,
  "packages": {
    "": {
      "name": "my-research-nav",
      "version": "1.0.0",
      "dependencies": {
        "vue": "^3.5.26"
      },
      "devDependencies": {
        "@eslint/js": "^9.39.2",
        "@tsconfig/node22": "^22.0.2",
        "@types/node": "^24.10.4",
        "@vitejs/plugin-vue": "^6.0.3",
        "@vitest/eslint-plugin": "^1.6.5",
        "@vue/eslint-config-prettier": "^10.2.0",
        "@vue/eslint-config-typescript": "^14.6.0",
        "@vue/test-utils": "^2.4.6",
        "@vue/tsconfig": "^0.8.1",
        "eslint": "^9.39.2",
        "eslint-plugin-vue": "^10.6.2",
        "jsdom": "^27.4.0",
        "prettier": "^3.7.4",
        "typescript": "~5.9.3",
        "vite": "^7.3.0",
        "vitest": "^4.0.16",
        "vue-tsc": "^3.2.2"
      },
      "engines": {
        "node": ">=20.19.0"
      }
    },
    "node_modules/@acemir/cssom": {
      "version": "0.9.31",
      "resolved": "https://registry.npmjs.org/@acemir/cssom/-/cssom-0.9.31.tgz",
      "integrity": "sha512-ZnR3GSaH+/vJ0YlHau21FjfLYjMpYVIzTD8M8vIEQvIGxeOXyXdzCI140rrCY862p/C/BbzWsjc1dgnM9mkoTA==",
      "dev": true,
      "license": "MIT"
    },
    "node_modules/@asamuzakjp/css-color": {
      "version": "4.1.2",
      "resolved": "https://registry.npmjs.org/@asamuzakjp/css-color/-/css-color-4.1.2.tgz",
      "integrity": "sha512-NfBUvBaYgKIuq6E/RBLY1m0IohzNHAYyaJGuTK79Z23uNwmz2jl1mPsC5ZxCCxylinKhT1Amn5oNTlx1wN8cQg==",
      "dev": true,
      "license": "MIT",
      "dependencies": {
        "@csstools/css-calc": "^3.0.0",
        "@csstools/css-color-parser": "^4.0.1",
        "@csstools/css-parser-algorithms": "^4.0.0",
        "@csstools/css-tokenizer": "^4.0.0",
        "lru-cache": "^11.2.5"
      }
    },
    "node_modules/@asamuzakjp/dom-selector": {
      "version": "6.8.1",
      "resolved": "https://registry.npmjs.org/@asamuzakjp/dom-selector/-/dom-selector-6.8.1.tgz",
      "integrity": "sha512-MvRz1nCqW0fsy8Qz4dnLIvhOlMzqDVBabZx6lH+YywFDdjXhMY37SmpV1XFX3JzG5GWHn63j6HX6QPr3lZXHvQ==",
      "dev": true,
      "license": "MIT",
      "dependencies": {
        "@asamuzakjp/nwsapi": "^2.3.9",
        "bidi-js": "^1.0.3",
        "css-tree": "^3.1.0",
        "is-potential-custom-element-name": "^1.0.1",
        "lru-cache": "^11.2.6"
      }
    },
    "node_modules/@asamuzakjp/nwsapi": {
      "version": "2.3.9",
      "resolved": "https://registry.npmjs.org/@asamuzakjp/nwsapi/-/nwsapi-2.3.9.tgz",
      "integrity": "sha512-n8GuYSrI9bF7FFZ/SjhwevlHc8xaVlb/7HmHelnc/PZXBD2ZR49NnN9sMMuDdEGPeeRQ5d0hqlSlEpgCX3Wl0Q==",
      "dev": true,
      "license": "MIT"
    },
    "node_modules/@babel/helper-string-parser": {
      "version": "7.29.7",
      "resolved": "https://registry.npmjs.org/@babel/helper-string-parser/-/helper-string-parser-7.29.7.tgz",
      "integrity": "sha512-Pb5ijPrZ89GDH8223L4UP8i6QApWxs04RbPQJTeWDV0/keR2E36MeKnyr6LYmUUvqRRI+Iv87SuF1W6ErINzYw==",
      "license": "MIT",
      "engines": {
        "node": ">=6.9.0"
      }
    },
    "node_modules/@babel/helper-validator-identifier": {
      "version": "7.29.7",
      "resolved": "https://registry.npmjs.org/@babel/helper-validator-identifier/-/helper-validator-identifier-7.29.7.tgz",
      "integrity": "sha512-qehxGkRj55h/ff8EMaJ+cYhyaKlHIxqYDn682wQD7RNp9UujOQsHog2uS0r2vzr4pW+sXf90NeeayjcNaX3fFg==",
      "license": "MIT",
      "engines": {
        "node": ">=6.9.0"
      }
    },
    "node_modules/@babel/parser": {
      "version": "7.29.8",
      "resolved": "https://registry.npmjs.org/@babel/parser/-/parser-7.29.8.tgz",
      "integrity": "sha512-E8lTAYNB1KW+FH+VGJuZM1ioAx2E6oVlvQFRrf5P8ZZmsiJXYAD9vTFV7yyEURNzgh1dFqMZuO6tUwcARbqFCA==",
      "license": "MIT",
      "dependencies": {
        "@babel/types": "^7.29.8"
      },
      "bin": {
        "parser": "bin/babel-parser.js"
      },
      "engines": {
        "node": ">=6.0.0"
      }
    },
    "node_modules/@babel/types": {
      "version": "7.29.8",
      "resolved": "https://registry.npmjs.org/@babel/types/-/types-7.29.8.tgz",
      "integrity": "sha512-Vj1jF3cPfxg7OAfoI7QnVKLoILlm2JF9pnVHrX8qx7AHMiYWT+NDAA7jChlNgRS4WTLc/fD1lXLmPixluj+3Gg==",
      "license": "MIT",
      "dependencies": {
        "@babel/helper-string-parser": "^7.29.7",
        "@babel/helper-validator-identifier": "^7.29.7"
      },
      "engines": {
        "node": ">=6.9.0"
      }
    },
    "node_modules/@csstools/color-helpers": {
      "version": "6.1.0",
      "resolved": "https://registry.npmjs.org/@csstools/color-helpers/-/color-helpers-6.1.0.tgz",
      "integrity": "sha512-064IFJdjTfUqnjpCVpMOdbr8FLQBhinbZj6yRv2An2E41O/pLEXqfFRWqGq/SxlE5PEUYTlvWsG2r8MswAVvkg==",
      "dev": true,
      "funding": [
        {
          "type": "github",
          "url": "https://github.com/sponsors/csstools"
        },
        {
          "type": "opencollective",
          "url": "https://opencollective.com/csstools"
        }
      ],
      "license": "MIT-0",
      "engines": {
        "node": ">=20.19.0"
      }
    },
    "node_modules/@csstools/css-calc": {
      "version": "3.3.0",
      "resolved": "https://registry.npmjs.org/@csstools/css-calc/-/css-calc-3.3.0.tgz",
      "integrity": "sha512-c5ihYsPkdG6JCkU2zTMm4+k6r7RXuGxtWYhu5DHMIiF1FHzrfmHL5so11AoFpUv/tu61xfcmT4AmKoFfMPoqdQ==",
      "dev": true,
      "funding": [
        {
          "type": "github",
          "url": "https://github.com/sponsors/csstools"
        },
        {
          "type": "opencollective",
          "url": "https://opencollective.com/csstools"
        }
      ],
      "license": "MIT",
      "engines": {
        "node": ">=20.19.0"
      },
      "peerDependencies": {
        "@csstools/css-parser-algorithms": "^4.0.0",
        "@csstools/css-tokenizer": "^4.0.0"
      }
    },
    "node_modules/@csstools/css-color-parser": {
      "version": "4.1.10",
      "resolved": "https://registry.npmjs.org/@csstools/css-color-parser/-/css-color-parser-4.1.10.tgz",
      "integrity": "sha512-UZhQLIUyJaaMepqehrCODwCg2KW25vFvLWBmqYFaPclYvvxzj/sG8LBOhBFCp11i9uE7t1EyS+RAoV9tztPFyw==",
      "dev": true,
      "funding": [
        {
          "type": "github",
          "url": "https://github.com/sponsors/csstools"
        },
        {
          "type": "opencollective",
          "url": "https://opencollective.com/csstools"
        }
      ],
      "license": "MIT",
      "dependencies": {
        "@csstools/color-helpers": "^6.1.0",
        "@csstools/css-calc": "^3.3.0"
      },
      "engines": {
        "node": ">=20.19.0"
      },
      "peerDependencies": {
        "@csstools/css-parser-algorithms": "^4.0.0",
        "@csstools/css-tokenizer": "^4.0.0"
      }
    },
    "node_modules/@csstools/css-parser-algorithms": {
      "version": "4.0.0",
      "resolved": "https://registry.npmjs.org/@csstools/css-parser-algorithms/-/css-parser-algorithms-4.0.0.tgz",
      "integrity": "sha512-+B87qS7fIG3L5h3qwJ/IFbjoVoOe/bpOdh9hAjXbvx0o8ImEmUsGXN0inFOnk2ChCFgqkkGFQ+TpM5rbhkKe4w==",
      "dev": true,
      "funding": [
        {
          "type": "github",
          "url": "https://github.com/sponsors/csstools"
        },
        {
          "type": "opencollective",
          "url": "https://opencollective.com/csstools"
        }
      ],
      "license": "MIT",
      "engines": {
        "node": ">=20.19.0"
      },
      "peerDependencies": {
        "@csstools/css-tokenizer": "^4.0.0"
      }
    },
    "node_modules/@csstools/css-syntax-patches-for-csstree": {
      "version": "1.1.7",
      "resolved": "https://registry.npmjs.org/@csstools/css-syntax-patches-for-csstree/-/css-syntax-patches-for-csstree-1.1.7.tgz",
      "integrity": "sha512-fQ+05118eQS1cofO3aJpB5efgpBZMvIzwr/sbC8kDLVA5XLG8q1kJV5yzrUAI1f7lvhPnm8fgIjzFB8/O/5Dig==",
      "dev": true,
      "funding": [
        {
          "type": "github",
          "url": "https://github.com/sponsors/csstools"
        },
        {
          "type": "opencollective",
          "url": "https://opencollective.com/csstools"
        }
      ],
      "license": "MIT-0",
      "peerDependencies": {
        "css-tree": "^3.2.1"
      },
      "peerDependenciesMeta": {
        "css-tree": {
          "optional": true
        }
      }
    },
    "node_modules/@csstools/css-tokenizer": {
      "version": "4.0.0",
      "resolved": "https://registry.npmjs.org/@csstools/css-tokenizer/-/css-tokenizer-4.0.0.tgz",
      "integrity": "sha512-QxULHAm7cNu72w97JUNCBFODFaXpbDg+dP8b/oWFAZ2MTRppA3U00Y2L1HqaS4J6yBqxwa/Y3nMBaxVKbB/NsA==",
      "dev": true,
      "funding": [
        {
          "type": "github",
          "url": "https://github.com/sponsors/csstools"
        },
        {
          "type": "opencollective",
          "url": "https://opencollective.com/csstools"
        }
      ],
      "license": "MIT",
      "engines": {
        "node": ">=20.19.0"
      }
    },
    "node_modules/@esbuild/aix-ppc64": {
      "version": "0.28.1",
      "resolved": "https://registry.npmjs.org/@esbuild/aix-ppc64/-/aix-ppc64-0.28.1.tgz",
      "integrity": "sha512-Svl7tq8k/08+p6CXPpRjQ1fKX+1odH/BQbb48fV6fj3CWHhsoIOoY87w1oHXm0qEpkIK3ZfVgp0hed3XBXzXMQ==",
      "cpu": [
        "ppc64"
      ],
      "dev": true,
      "license": "MIT",
      "optional": true,
      "os": [
        "aix"
      ],
      "engines": {
        "node": ">=18"
      }
    },
    "node_modules/@esbuild/android-arm": {
      "version": "0.28.1",
      "resolved": "https://registry.npmjs.org/@esbuild/android-arm/-/android-arm-0.28.1.tgz",
      "integrity": "sha512-0k2F129Xdio1TdJfzJ8sy1Q47vUD2NnwdhiAf7drUN1EBTfPf4hsFCtmMgu/6m8JSzsBrlmVjudMBQqOfG8usQ==",
      "cpu": [
        "arm"
      ],
      "dev": true,
      "license": "MIT",
      "optional": true,
      "os": [
        "android"
      ],
      "engines": {
        "node": ">=18"
      }
    },
    "node_modules/@esbuild/android-arm64": {
      "version": "0.28.1",
      "resolved": "https://registry.npmjs.org/@esbuild/android-arm64/-/android-arm64-0.28.1.tgz",
      "integrity": "sha512-34EGEbCIAgosYz6goLcopX6Mo7NyGv9tfwEM2/7Ce2VcVRk568iSvniGWcUXIy7wEDR1wzolcxcriFVrWYcwBg==",
      "cpu": [
        "arm64"
      ],
      "dev": true,
      "license": "MIT",
      "optional": true,
      "os": [
        "android"
      ],
      "engines": {
        "node": ">=18"
      }
    },
    "node_modules/@esbuild/android-x64": {
      "version": "0.28.1",
      "resolved": "https://registry.npmjs.org/@esbuild/android-x64/-/android-x64-0.28.1.tgz",
      "integrity": "sha512-dbwY7ltSMDWsRatcRpCnES4F+im88OCUgGZjy52shC7GqHRE/cYlxNbB4Z4UpJswpcc4Qxd2oE/ufM0p61IKng==",
      "cpu": [
        "x64"
      ],
      "dev": true,
      "license": "MIT",
      "optional": true,
      "os": [
        "android"
      ],
      "engines": {
        "node": ">=18"
      }
    },
    "node_modules/@esbuild/darwin-arm64": {
      "version": "0.28.1",
      "resolved": "https://registry.npmjs.org/@esbuild/darwin-arm64/-/darwin-arm64-0.28.1.tgz",
      "integrity": "sha512-TZbWkQY7kvTAXbXUT7uVACR5cMHsDiSz9z7ZKAX/RTq/WJEk3QyRr0wZpNhBDX+/0CtdqUIJlOiodQcta6tY3Q==",
      "cpu": [
        "arm64"
      ],
      "dev": true,
      "license": "MIT",
      "optional": true,
      "os": [
        "darwin"
      ],
      "engines": {
        "node": ">=18"
      }
    },
    "node_modules/@esbuild/darwin-x64": {
      "version": "0.28.1",
      "resolved": "https://registry.npmjs.org/@esbuild/darwin-x64/-/darwin-x64-0.28.1.tgz",
      "integrity": "sha512-zfdzgK9ACBNZLI/CyHTOx81SyNbM6YXn7rxSgX97VjyiPl9W1i4Ka4fgKECEoFCKGpvBj5qArWIGgQjOwkgskQ==",
      "cpu": [
        "x64"
      ],
      "dev": true,
      "license": "MIT",
      "optional": true,
      "os": [
        "darwin"
      ],
      "engines": {
        "node": ">=18"
      }
    },
    "node_modules/@esbuild/freebsd-arm64": {
      "version": "0.28.1",
      "resolved": "https://registry.npmjs.org/@esbuild/freebsd-arm64/-/freebsd-arm64-0.28.1.tgz",
      "integrity": "sha512-wG2EA8ENdEI0qhkSZMjfqrdY+ziCYCPMmtZjjIwOmXFjmyzEHn+UUxk5of+SYsjtfs3VpnlC7QLzSI5hY/rOAw==",
      "cpu": [
        "arm64"
      ],
      "dev": true,
      "license": "MIT",
      "optional": true,
      "os": [
        "freebsd"
      ],
      "engines": {
        "node": ">=18"
      }
    },
    "node_modules/@esbuild/freebsd-x64": {
      "version": "0.28.1",
      "resolved": "https://registry.npmjs.org/@esbuild/freebsd-x64/-/freebsd-x64-0.28.1.tgz",
      "integrity": "sha512-i7dZ9vQgnvSCzi/rYCXNgtF/U+eKZNJBzu3eTQbRgHnM7tNSizLOkRFAl3qzVc/Op/u5YkHHa4pf/3DOYHthLQ==",
      "cpu": [
        "x64"
      ],
      "dev": true,
      "license": "MIT",
      "optional": true,
      "os": [
        "freebsd"
      ],
      "engines": {
        "node": ">=18"
      }
    },
    "node_modules/@esbuild/linux-arm": {
      "version": "0.28.1",
      "resolved": "https://registry.npmjs.org/@esbuild/linux-arm/-/linux-arm-0.28.1.tgz",
      "integrity": "sha512-qVXBOHQS+d5Y722GwJzJUtOLlX7km3CraOaGormF1pDtPd2C/l1SHRPgjLunLGe51Sh5YYWKMFDyV4SxgMQYTQ==",
      "cpu": [
        "arm"
      ],
      "dev": true,
      "license": "MIT",
      "optional": true,
      "os": [
        "linux"
      ],
      "engines": {
        "node": ">=18"
      }
    },
    "node_modules/@esbuild/linux-arm64": {
      "version": "0.28.1",
      "resolved": "https://registry.npmjs.org/@esbuild/linux-arm64/-/linux-arm64-0.28.1.tgz",
      "integrity": "sha512-yHs+0uc8+nvEAfAfxrWQKK5peSNzBc4PegcMO0EJ2hT71uA7vB8Ihg2e77R2P7SG5uYjPbHlLLmve4LLLRCf0g==",
      "cpu": [
        "arm64"
      ],
      "dev": true,
      "license": "MIT",
      "optional": true,
      "os": [
        "linux"
      ],
      "engines": {
        "node": ">=18"
      }
    },
    "node_modules/@esbuild/linux-ia32": {
      "version": "0.28.1",
      "resolved": "https://registry.npmjs.org/@esbuild/linux-ia32/-/linux-ia32-0.28.1.tgz",
      "integrity": "sha512-d1z4ZuP0ajrfz/FhGT4vv278rX8KnPPJx8i5+AtK7TYbx9Le9F1hyzurZpkEyjkGa9dUGhQow4C1NmeGvqxN2w==",
      "cpu": [
        "ia32"
      ],
      "dev": true,
      "license": "MIT",
      "optional": true,
      "os": [
        "linux"
      ],
      "engines": {
        "node": ">=18"
      }
    },
    "node_modules/@esbuild/linux-loong64": {
      "version": "0.28.1",
      "resolved": "https://registry.npmjs.org/@esbuild/linux-loong64/-/linux-loong64-0.28.1.tgz",
      "integrity": "sha512-M5sRjUVZrkm1OAPR3dlOYzNmN+loZKGVi1VUQGrwuqLcbR6qeAz+famMhjASeH3YVKvZz+zT1jlh/keC3Rj/lg==",
      "cpu": [
        "loong64"
      ],
      "dev": true,
      "license": "MIT",
      "optional": true,
      "os": [
        "linux"
      ],
      "engines": {
        "node": ">=18"
      }
    },
    "node_modules/@esbuild/linux-mips64el": {
      "version": "0.28.1",
      "resolved": "https://registry.npmjs.org/@esbuild/linux-mips64el/-/linux-mips64el-0.28.1.tgz",
      "integrity": "sha512-mRObBZeHh2OxcBFPWE/FjylkRgZdYuiTR3ãÞtÖÚ$z{-®éÜj×'–6öÖF6‚#¢°¢&÷F–öæÂ#¢G'VP¢Ð¢Ð¢ÒÀ¢&æöFUöÖöGVÆW2÷f—FRöæöFUöÖöGVÆW2÷–6öÖF6‚#¢°¢'fW'6–öâ#¢#BããR"À¢'&W6öÇfVB#¢&‡GG3¢ò÷&Vv—7G'’æçÖ§2æ÷&r÷–6öÖF6‚òÒ÷–6öÖF6‚ÓBããRçFw¢"À¢&–çFVw&—G’#¢'6†S"Õ'gwv7'Tæ¤“æ5CW…&¶W•3”Æc†Æ4—Gc3D´B¶–bµdƒ–¶GT–e”&—vƒ##sG‡FVä•£’õ#”&ED&†tu6ƒÓÒ"À¢&FWb#¢G'VRÀ¢&Æ–6Vç6R#¢$Ô•B"À¢&Væv–æW2#¢°¢&æöFR#¢#ãÓ" ¢ÒÀ¢&gVæF–ær#¢°¢'W&Â#¢&‡GG3¢òöv—F‡V"æ6öÒ÷7öç6÷'2ö¦öç66†Æ–æ¶W'B ¢Ð¢ÒÀ¢&æöFUöÖöGVÆW2÷f—FW7B#¢°¢'fW'6–öâ#¢#Bãã"À¢'&W6öÇfVB#¢&‡GG3¢ò÷&Vv—7G'’æçÖ§2æ÷&r÷f—FW7BòÒ÷f—FW7BÓBããçFw¢"À¢&–çFVw&—G’#¢'6†S"Õ#–¥UFSU3E#„6CEDç3vôv7$×74Õ$u„ÅsƒV&¥w5s•dƒTtc‡““4dÅ“”'6³fçCä÷ƒDƒEtä¥•£4uUsÓÒ"À¢&FWb#¢G'VRÀ¢&Æ–6Vç6R#¢$Ô•B"À¢&FWVæFVæ6–W2#¢°¢$f—FW7BöW‡V7B#¢#Bãã"À¢$f—FW7BöÖö6¶W"#¢#Bãã"À¢$f—FW7B÷&WGG’Öf÷&ÖB#¢#Bãã"À¢$f—FW7B÷'VææW"#¢#Bãã"À¢$f—FW7B÷6æ6†÷B#¢#Bãã"À¢$f—FW7B÷7’#¢#Bãã"À¢$f—FW7B÷WF–Ç2#¢#Bãã"À¢&W2ÖÖöGVÆRÖÆW†W"#¢%ã"ãã"À¢&W‡V7B×G—R#¢%ãã2ã"À¢&Öv–2×7G&–ær#¢%ãã3ã#"À¢&ö'Vr#¢%ã"ãã"À¢'F†R#¢%ã"ãã2"À¢'–6öÖF6‚#¢%ãBãã2"À¢'7FBÖVçb#¢%ãBãã×&2ã"À¢'F–ç–&Væ6‚#¢%ã"ã’ã"À¢'F–ç–W†V2#¢%ããã""À¢'F–ç–vÆö&'’#¢%ãã"ãR"À¢'F–ç—&–æ&÷r#¢%ã2ãã"À¢'f—FR#¢%ãbããÇÂãrããÇÂã‚ãã"À¢'v‡’Ö—2ÖæöFR×'Vææ–ær#¢%ã"ã2ã ¢ÒÀ¢&&–â#¢°¢'f—FW7B#¢'f—FW7BæÖ§2 ¢ÒÀ¢&Væv–æW2#¢°¢&æöFR#¢%ã#ããÇÂã#"ããÇÂãÓ#Bãã ¢ÒÀ¢&gVæF–ær#¢°¢'W&Â#¢&‡GG3¢òö÷Væ6öÆÆV7F—fRæ6öÒ÷f—FW7B ¢ÒÀ¢'VW$FWVæFVæ6–W2#¢°¢$VFvR×'VçF–ÖR÷fÒ#¢"¢"À¢$÷VçFVÆVÖWG'’ö’#¢%ãã’ã"À¢$G—W2öæöFR#¢%ã#ããÇÂã#"ããÇÂãÓ#Bãã"À¢$f—FW7Bö'&÷w6W"×Æ—w&–v‡B#¢#Bãã"À¢$f—FW7Bö'&÷w6W"×&Wf–Wr#¢#Bãã"À¢$f—FW7Bö'&÷w6W"×vV&G&—fW&–ò#¢#Bãã"À¢$f—FW7Bö6÷fW&vRÖ—7Fæ'VÂ#¢#Bãã"À¢$f—FW7Bö6÷fW&vR×c‚#¢#Bãã"À¢$f—FW7B÷V’#¢#Bãã"À¢&†’ÖFöÒ#¢"¢"À¢&§6FöÒ#¢"¢"À¢'f—FR#¢%ãbããÇÂãrããÇÂã‚ãã ¢ÒÀ¢'VW$FWVæFVæ6–W4ÖWF#¢°¢$VFvR×'VçF–ÖR÷fÒ#¢°¢&÷F–öæÂ#¢G'VP¢ÒÀ¢$÷VçFVÆVÖWG'’ö’#¢°¢&÷F–öæÂ#¢G'VP¢ÒÀ¢$G—W2öæöFR#¢°¢&÷F–öæÂ#¢G'VP¢ÒÀ¢$f—FW7Bö'&÷w6W"×Æ—w&–v‡B#¢°¢&÷F–öæÂ#¢G'VP¢ÒÀ¢$f—FW7Bö'&÷w6W"×&Wf–Wr#¢°¢&÷F–öæÂ#¢G'VP¢ÒÀ¢$f—FW7Bö'&÷w6W"×vV&G&—fW&–ò#¢°¢&÷F–öæÂ#¢G'VP¢ÒÀ¢$f—FW7Bö6÷fW&vRÖ—7Fæ'VÂ#¢°¢&÷F–öæÂ#¢G'VP¢ÒÀ¢$f—FW7Bö6÷fW&vR×c‚#¢°¢&÷F–öæÂ#¢G'VP¢ÒÀ¢$f—FW7B÷V’#¢°¢&÷F–öæÂ#¢G'VP¢ÒÀ¢&†’ÖFöÒ#¢°¢&÷F–öæÂ#¢G'VP¢ÒÀ¢&§6FöÒ#¢°¢&÷F–öæÂ#¢G'VP¢ÒÀ¢'f—FR#¢°¢&÷F–öæÂ#¢fÇ6P¢Ð¢Ð¢ÒÀ¢&æöFUöÖöGVÆW2÷f—FW7BöæöFUöÖöGVÆW2÷–6öÖF6‚#¢°¢'fW'6–öâ#¢#BããR"À¢'&W6öÇfVB#¢&‡GG3¢ò÷&Vv—7G'’æçÖ§2æ÷&r÷–6öÖF6‚òÒ÷–6öÖF6‚ÓBããRçFw¢"À¢&–çFVw&—G’#¢'6†S"Õ'gwv7'Tæ¤“æ5CW…&¶W•3”Æc†Æ4—Gc3D´B¶–bµdƒ–¶GT–e”&—vƒ##sG‡FVä•£’õ#”&ED&†tu6ƒÓÒ"À¢&FWb#¢G'VRÀ¢&Æ–6Vç6R#¢$Ô•B"À¢&Væv–æW2#¢°¢&æöFR#¢#ãÓ" ¢ÒÀ¢&gVæF–ær#¢°¢'W&Â#¢&‡GG3¢òöv—F‡V"æ6öÒ÷7öç6÷'2ö¦öç66†Æ–æ¶W'B ¢Ð¢ÒÀ¢&æöFUöÖöGVÆW2÷g66öFR×W&’#¢°¢'fW'6–öâ#¢#2ãã"À¢'&W6öÇfVB#¢&‡GG3¢ò÷&Vv—7G'’æçÖ§2æ÷&r÷g66öFR×W&’òÒ÷g66öFR×W&’Ó2ããçFw¢"À¢&–çFVw&—G’#¢'6†S"Òô'E7‚·”5vä7fV6'•†G„„F·V³SRôs7‡vä3w“FvÕ6¢´¶s†·§¦t#Dæ²õ4”æ§ãb·vs4Vv%dc%´W†µ'…ÓÒ"À¢&FWb#¢G'VRÀ¢&Æ–6Vç6R#¢$Ô•B ¢ÒÀ¢&æöFUöÖöGVÆW2÷gVR#¢°¢'fW'6–öâ#¢#2ãRãC"À¢'&W6öÇfVB#¢&‡GG3¢ò÷&Vv—7G'’æçÖ§2æ÷&r÷gVRòÒ÷gVRÓ2ãRãCçFw¢"À¢&–çFVw&—G’#¢'6†S"Ò³…£E4¥†Fâö4„t–ÔcD4¶G†Åt„”ãTF·CtF÷Ve%$TÓfƒgUd7ƒ&Óu†v4UÖ×§”ô³„–Ö6fsw4f$¤e—6DegV%F–sÓÒ"À¢&Æ–6Vç6R#¢$Ô•B"À¢&FWVæFVæ6–W2#¢°¢$gVRö6ö×–ÆW"ÖFöÒ#¢#2ãRãC"À¢$gVRö6ö×–ÆW"×6f2#¢#2ãRãC"À¢$gVR÷'VçF–ÖRÖFöÒ#¢#2ãRãC"À¢$gVR÷6W'fW"×&VæFW&W"#¢#2ãRãC"À¢$gVR÷6†&VB#¢#2ãRãC ¢ÒÀ¢'VW$FWVæFVæ6–W2#¢°¢'G—W67&—B#¢"¢ ¢ÒÀ¢'VW$FWVæFVæ6–W4ÖWF#¢°¢'G—W67&—B#¢°¢&÷F–öæÂ#¢G'VP¢Ð¢Ð¢ÒÀ¢&æöFUöÖöGVÆW2÷gVRÖ6ö×öæVçB×G—RÖ†VÇW'2#¢°¢'fW'6–öâ#¢#2ã2ã’"À¢'&W6öÇfVB#¢&‡GG3¢ò÷&Vv—7G'’æçÖ§2æ÷&r÷gVRÖ6ö×öæVçB×G—RÖ†VÇW'2òÒ÷gVRÖ6ö×öæVçB×G—RÖ†VÇW'2Ó2ã2ã’çFw¢"À¢&–çFVw&—G’#¢'6†S"Ó62õVdÖS7”Vf4uG”ƒvÖg6„†t£•D6'6#÷Tw…§gVsr´–c4vTu¤ãt“–†T´TW†V×ƒ7†ÆEôóu4ôÅsÓÒ"À¢&FWb#¢G'VRÀ¢&Æ–6Vç6R#¢$Ô•B ¢ÒÀ¢&æöFUöÖöGVÆW2÷gVRÖW6Æ–çB×'6W"#¢°¢'fW'6–öâ#¢#ãBã"À¢'&W6öÇfVB#¢&‡GG3¢ò÷&Vv—7G'’æçÖ§2æ÷&r÷gVRÖW6Æ–çB×'6W"òÒ÷gVRÖW6Æ–çB×'6W"ÓãBãçFw¢"À¢&–çFVw&—G’#¢'6†S"Ôv³fu$F£âöfµ&436Ã$&†Vô&6µWõ'3bõGdÕt•3fç§§ƒcvÔf”ÖS”6´æw5'E‡•ôçdv”…U4‡tgE£6”DÓÒ"À¢&FWb#¢G'VRÀ¢&Æ–6Vç6R#¢$Ô•B"À¢&FWVæFVæ6–W2#¢°¢&FV'Vr#¢%ãBãBã"À¢&W6Æ–çB×66÷R#¢%ã‚ã"ãÇÂã’ãã"À¢&W6Æ–çB×f—6—F÷"Ö¶W—2#¢%ãBã"ãÇÂãRãã"À¢&W7&VR#¢%ãã2ãÇÂããã"À¢&W7VW'’#¢%ããbã"À¢'6V×fW"#¢%ãrãbã2 ¢ÒÀ¢&Væv–æW2#¢°¢&æöFR#¢%ã‚ã‚ãÇÂã#ã’ãÇÂãÓ#ãã ¢ÒÀ¢&gVæF–ær#¢°¢'W&Â#¢&‡GG3¢òöv—F‡V"æ6öÒ÷7öç6÷'2ö×—7F–6FV ¢ÒÀ¢'VW$FWVæFVæ6–W2#¢°¢&W6Æ–çB#¢%ã‚ãSrãÇÂã’ããÇÂããã ¢Ð¢ÒÀ¢&æöFUöÖöGVÆW2÷gVRÖW6Æ–çB×'6W"öæöFUöÖöGVÆW2öW6Æ–çB×f—6—F÷"Ö¶W—2#¢°¢'fW'6–öâ#¢#Rãã"À¢'&W6öÇfVB#¢&‡GG3¢ò÷&Vv—7G'’æçÖ§2æ÷&röW6Æ–çB×f—6—F÷"Ö¶W—2òÒöW6Æ–çB×f—6—F÷"Ö¶W—2ÓRããçFw¢"À¢&–çFVw&—G’#¢'6†S"×DCCT‡„3VƒT•¤æT–¦´†ôE#E–¦¤§3F&”ÓÔGgÄ&RòöÔ"´”„7„Ducw„b³tÖ¶ÅGf–v†45¤3w–åw–¦EDÓÒ"À¢&FWb#¢G'VRÀ¢&Æ–6Vç6R#¢$6†RÓ"ã"À¢&Væv–æW2#¢°¢&æöFR#¢%ã#ã’ãÇÂã#"ã2ãÇÂãÓ#B ¢ÒÀ¢&gVæF–ær#¢°¢'W&Â#¢&‡GG3¢òö÷Væ6öÆÆV7F—fRæ6öÒöW6Æ–çB ¢Ð¢ÒÀ¢&æöFUöÖöGVÆW2÷gVR×G62#¢°¢'fW'6–öâ#¢#2ã2ã’"À¢'&W6öÇfVB#¢&‡GG3¢ò÷&Vv—7G'’æçÖ§2æ÷&r÷gVR×G62òÒ÷gVR×G62Ó2ã2ã’çFw¢"À¢&–çFVw&—G’#¢'6†S"ÕE35“W‚ô•&ôS„ô5%4T÷6WT—3Wew&7#wR·s5Öe’µ6Ä6dVc‡¦§$&vå·4…VtÇF†“Wd†Æff5EFE%¤ÓÒ"À¢&FWb#¢G'VRÀ¢&Æ–6Vç6R#¢$Ô•B"À¢&FWVæFVæ6–W2#¢°¢$föÆ"÷G—W67&—B#¢#"ãBã#‚"À¢$gVRöÆæwVvRÖ6÷&R#¢#2ã2ã’ ¢ÒÀ¢&&–â#¢°¢'gVR×G62#¢&&–â÷gVR×G62æ§2 ¢ÒÀ¢'VW$FWVæFVæ6–W2#¢°¢'G—W67&—B#¢#ãÓRãã ¢Ð¢ÒÀ¢&æöFUöÖöGVÆW2÷s62×†ÖÇ6W&–Æ—¦W"#¢°¢'fW'6–öâ#¢#Rãã"À¢'&W6öÇfVB#¢&‡GG3¢ò÷&Vv—7G'’æçÖ§2æ÷&r÷s62×†ÖÇ6W&–Æ—¦W"òÒ÷s62×†ÖÇ6W&–Æ—¦W"ÓRããçFw¢"À¢&–çFVw&—G’#¢'6†S"Öó‡v†Ä“„å¤…SÄÅ'“"µWv&ƒDtu”æÆÇ¥w‡•wFT¤ô77"õ¶õ$C•DôÇSTeE¤óFC4c”Öåt¦f”ÖóD&¶ÔÓÒ"À¢&FWb#¢G'VRÀ¢&Æ–6Vç6R#¢$Ô•B"À¢&FWVæFVæ6–W2#¢°¢'†ÖÂÖæÖR×fÆ–FF÷"#¢%ãRãã ¢ÒÀ¢&Væv–æW2#¢°¢&æöFR#¢#ãÓ‚ ¢Ð¢ÒÀ¢&æöFUöÖöGVÆW2÷vV&–FÂÖ6öçfW'6–öç2#¢°¢'fW'6–öâ#¢#‚ãã"À¢'&W6öÇfVB#¢&‡GG3¢ò÷&Vv—7G'’æçÖ§2æ÷&r÷vV&–FÂÖ6öçfW'6–öç2òÒ÷vV&–FÂÖ6öçfW'6–öç2Ó‚ããçFw¢"À¢&–çFVw&—G’#¢'6†S"Ô$Ö„ÄBõ7r´v$¤3#2õVw–¥ƒCåC†%UFr¶¥w”FVsvSu”ãG„ôÓU•4•†6T6å…gG”WrôÄÔ6ÅU×DÕ¢µtwÓÒ"À¢&FWb#¢G'VRÀ¢&Æ–6Vç6R#¢$%4BÓ"Ô6ÆW6R"À¢&Væv–æW2#¢°¢&æöFR#¢#ãÓ# ¢Ð¢ÒÀ¢&æöFUöÖöGVÆW2÷v†GvrÖÖ–ÖWG—R#¢°¢'fW'6–öâ#¢#Bãã"À¢'&W6öÇfVB#¢&‡GG3¢ò÷&Vv—7G'’æçÖ§2æ÷&r÷v†GvrÖÖ–ÖWG—RòÒ÷v†GvrÖÖ–ÖWG—RÓBããçFw¢"À¢&–çFVw&—G’#¢'6†S"Õ·†ƒTä–“&ÔS—'dVG¦ftô´„66££SdTT„uõg‡‡#’ö—7¤ÅUUcwcƒ—ƒ”óõB´æÅDÓUsv¥sb¶7£Dg•fsÓÒ"À¢&FWb#¢G'VRÀ¢&Æ–6Vç6R#¢$Ô•B"À¢&Væv–æW2#¢°¢&æöFR#¢#ãÓ‚ ¢Ð¢ÒÀ¢&æöFUöÖöGVÆW2÷v†Gvr×W&Â#¢°¢'fW'6–öâ#¢#Rãã"À¢'&W6öÇfVB#¢&‡GG3¢ò÷&Vv—7G'’æçÖ§2æ÷&r÷v†Gvr×W&ÂòÒ÷v†Gvr×W&ÂÓRããçFw¢"À¢&–çFVw&—G’#¢'6†S"Ó'—DF³¶”V¢÷—S“¤ôCEeV´ó’¶¥f‡–bµ7–$¶Å$…4FÇdôõ¦†E—'#w…DƒcFÃEv—„ó&5·u–6wV¦´t%£fsÓÒ"À¢&FWb#¢G'VRÀ¢&Æ–6Vç6R#¢$Ô•B"À¢&FWVæFVæ6–W2#¢°¢'G#Cb#¢%ãbãã"À¢'vV&–FÂÖ6öçfW'6–öç2#¢%ã‚ãã ¢ÒÀ¢&Væv–æW2#¢°¢&æöFR#¢#ãÓ# ¢Ð¢ÒÀ¢&æöFUöÖöGVÆW2÷v†–6‚#¢°¢'fW'6–öâ#¢#"ãã""À¢'&W6öÇfVB#¢&‡GG3¢ò÷&Vv—7G'’æçÖ§2æ÷&r÷v†–6‚òÒ÷v†–6‚Ó"ãã"çFw¢"À¢&–çFVw&—G’#¢'6†S"Ô$Ä“5FÃEs5fÃsÃ7—5“cF’¶wu‡4t%•v¶·×Fæ%†w$ÔB·–£w&…s·TTG‡¤¦•„v¤UsVöv´äÔT´äÖ¦–$ÓÒ"À¢&FWb#¢G'VRÀ¢&Æ–6Vç6R#¢$•42"À¢&FWVæFVæ6–W2#¢°¢&—6W†R#¢%ã"ãã ¢ÒÀ¢&&–â#¢°¢&æöFR×v†–6‚#¢&&–âöæöFR×v†–6‚ ¢ÒÀ¢&Væv–æW2#¢°¢&æöFR#¢#ãÒ‚ ¢Ð¢ÒÀ¢&æöFUöÖöGVÆW2÷v‡’Ö—2ÖæöFR×'Vææ–ær#¢°¢'fW'6–öâ#¢#"ã2ã"À¢'&W6öÇfVB#¢&‡GG3¢ò÷&Vv—7G'’æçÖ§2æ÷&r÷v‡’Ö—2ÖæöFR×'Vææ–æròÒ÷v‡’Ö—2ÖæöFR×'Vææ–ærÓ"ã2ãçFw¢"À¢&–çFVw&—G’#¢'6†S"Ö…W&Öt&EdF7‡e—ç–ƒ—§Vä·¥$õv¦%¥F”ç“†D$V¦µ3vV„TE–%„£u‡fÆ×F'wUF6ÅV”—”â´7•…CEfÖ¶ó†dæÓ‡sÓÒ"À¢&FWb#¢G'VRÀ¢&Æ–6Vç6R#¢$Ô•B"À¢&FWVæFVæ6–W2#¢°¢'6–v–æfò#¢%ã"ãã"À¢'7F6¶&6²#¢#ãã" ¢ÒÀ¢&&–â#¢°¢'v‡’Ö—2ÖæöFR×'Vææ–ær#¢&6Æ’æ§2 ¢ÒÀ¢&Væv–æW2#¢°¢&æöFR#¢#ãÓ‚ ¢Ð¢ÒÀ¢&æöFUöÖöGVÆW2÷v÷&B×w&#¢°¢'fW'6–öâ#¢#ã"ãR"À¢'&W6öÇfVB#¢&‡GG3¢ò÷&Vv—7G'’æçÖ§2æ÷&r÷v÷&B×w&òÒ÷v÷&B×w&Óã"ãRçFw¢"À¢&–çFVw&—G’#¢'6†S"Ô$ã#$#VVÔÔ“•T×F§$vCVsVT5•5EW“d¥†%—6CW¥—†¤dö6µ3S55DS7vµfõw……f#4'%–4TãEGvST#V4ÓÒ"À¢&FWb#¢G'VRÀ¢&Æ–6Vç6R#¢$Ô•B"À¢&Væv–æW2#¢°¢&æöFR#¢#ãÓãã ¢Ð¢ÒÀ¢&æöFUöÖöGVÆW2÷w&Öç6’#¢°¢'fW'6–öâ#¢#‚ãã"À¢'&W6öÇfVB#¢&‡GG3¢ò÷&Vv—7G'’æçÖ§2æ÷&r÷w&Öç6’òÒ÷w&Öç6’Ó‚ããçFw¢"À¢&–çFVw&—G’#¢'6†S"×6“ut“g¥T×Sf$U4gfwF×¤ÖDt÷F÷†e"µ6W£Öö&f3wFÒµfµV6¶³–%s%VVfeDueV$ö·7†Õ7s&w3†ssä5ÓÒ"À¢&FWb#¢G'VRÀ¢&Æ–6Vç6R#¢$Ô•B"À¢&FWVæFVæ6–W2#¢°¢&ç6’×7G–ÆW2#¢%ãbãã"À¢'7G&–ær×v–GF‚#¢%ãRãã"À¢'7G&—Öç6’#¢%ãrãã ¢ÒÀ¢&Væv–æW2#¢°¢&æöFR#¢#ãÓ" ¢ÒÀ¢&gVæF–ær#¢°¢'W&Â#¢&‡GG3¢òöv—F‡V"æ6öÒö6†Æ²÷w&Öç6“÷7öç6÷#Ó ¢Ð¢ÒÀ¢&æöFUöÖöGVÆW2÷w&Öç6’Ö6§2#¢°¢&æÖR#¢'w&Öç6’"À¢'fW'6–öâ#¢#rãã"À¢'&W6öÇfVB#¢&‡GG3¢ò÷&Vv—7G'’æçÖ§2æ÷&r÷w&Öç6’òÒ÷w&Öç6’ÓrããçFw¢"À¢&–çFVw&—G’#¢'6†S"Õ•dt–£&¶ÔÅ5G‡sdç5¦¦ô'†e7w6ã–6FW6Ö3Gµ#3W¥U£Â´æg…fG…FD‡fÔådõe…5”sDWG—Bôf“tCeÓÒ"À¢&FWb#¢G'VRÀ¢&Æ–6Vç6R#¢$Ô•B"À¢&FWVæFVæ6–W2#¢°¢&ç6’×7G–ÆW2#¢%ãBãã"À¢'7G&–ær×v–GF‚#¢%ãBãã"À¢'7G&—Öç6’#¢%ãbãã ¢ÒÀ¢&Væv–æW2#¢°¢&æöFR#¢#ãÓ ¢ÒÀ¢&gVæF–ær#¢°¢'W&Â#¢&‡GG3¢òöv—F‡V"æ6öÒö6†Æ²÷w&Öç6“÷7öç6÷#Ó ¢Ð¢ÒÀ¢&æöFUöÖöGVÆW2÷w&Öç6’Ö6§2öæöFUöÖöGVÆW2öç6’×&VvW‚#¢°¢'fW'6–öâ#¢#Rãã"À¢'&W6öÇfVB#¢&‡GG3¢ò÷&Vv—7G'’æçÖ§2æ÷&röç6’×&VvW‚òÒöç6’×&VvW‚ÓRããçFw¢"À¢&–çFVw&—G’#¢'6†S"×T¥†ÅE5TtÃ$Äƒ•5U†ó…gw5“G6öæ†vódÄå6ÓƒDSÄ&4S‡34ówF•'§•#—¢õ¥¤¤ÖÄÕwc3wôö#—D¦ÄÕTT´eÓÒ"À¢&FWb#¢G'VRÀ¢&Æ–6Vç6R#¢$Ô•B"À¢&Væv–æW2#¢°¢&æöFR#¢#ãÓ‚ ¢Ð¢ÒÀ¢&æöFUöÖöGVÆW2÷w&Öç6’Ö6§2öæöFUöÖöGVÆW2öVÖö¦’×&VvW‚#¢°¢'fW'6–öâ#¢#‚ãã"À¢'&W6öÇfVB#¢&‡GG3¢ò÷&Vv—7G'’æçÖ§2æ÷&röVÖö¦’×&VvW‚òÒöVÖö¦’×&VvW‚Ó‚ããçFw¢"À¢&–çFVw&—G’#¢'6†S"ÔÕ6¥—¦5täôWt‡£×‡”ggvsg–§“äs7‡FV÷£cCEd6òõ%vç#ôtwB¶–36”¥G¥„WS5FDÓE6våeVÔtSdÓÒ"À¢&FWb#¢G'VRÀ¢&Æ–6Vç6R#¢$Ô•B ¢ÒÀ¢&æöFUöÖöGVÆW2÷w&Öç6’Ö6§2öæöFUöÖöGVÆW2÷7G&–ær×v–GF‚#¢°¢'fW'6–öâ#¢#Bã"ã2"À¢'&W6öÇfVB#¢&‡GG3¢ò÷&Vv—7G'’æçÖ§2æ÷&r÷7G&–ær×v–GF‚òÒ÷7G&–ær×v–GF‚ÓBã"ã2çFw¢"À¢&–çFVw&—G’#¢'6†S"×t·•%¤£4—c$W%5¦Dw6¤Ô¥w6Võ$æ–„†‡Sdst¥dòó–¤”#eW–WdÂ·E‡T÷&æs†¢ö7„µEw•uWwe5G&–•§¢ösÓÒ"À¢&FWb#¢G'VRÀ¢&Æ–6Vç6R#¢$Ô•B"À¢&FWVæFVæ6–W2#¢°¢&VÖö¦’×&VvW‚#¢%ã‚ãã"À¢&—2ÖgVÆÇv–GF‚Ö6öFR×ö–çB#¢%ã2ãã"À¢'7G&—Öç6’#¢%ãbãã ¢ÒÀ¢&Væv–æW2#¢°¢&æöFR#¢#ãÓ‚ ¢Ð¢ÒÀ¢&æöFUöÖöGVÆW2÷w&Öç6’Ö6§2öæöFUöÖöGVÆW2÷7G&—Öç6’#¢°¢'fW'6–öâ#¢#bãã"À¢'&W6öÇfVB#¢&‡GG3¢ò÷&Vv—7G'’æçÖ§2æ÷&r÷7G&—Öç6’òÒ÷7G&—Öç6’ÓbããçFw¢"À¢&–çFVw&—G’#¢'6†S"Õ“3…e4†7´g$7få—gU5†×WWcVõ„ô·vUCfw'#6ó4v3”Åfd¤&eU4ô6æ'„tu¤b²óöô“t·%UU7§EVESTÓÒ"À¢&FWb#¢G'VRÀ¢&Æ–6Vç6R#¢$Ô•B"À¢&FWVæFVæ6–W2#¢°¢&ç6’×&VvW‚#¢%ãRãã ¢ÒÀ¢&Væv–æW2#¢°¢&æöFR#¢#ãÓ‚ ¢Ð¢ÒÀ¢&æöFUöÖöGVÆW2÷w&Öç6’öæöFUöÖöGVÆW2öç6’×7G–ÆW2#¢°¢'fW'6–öâ#¢#bã"ã2"À¢'&W6öÇfVB#¢&‡GG3¢ò÷&Vv—7G'’æçÖ§2æ÷&röç6’×7G–ÆW2òÒöç6’×7G–ÆW2Óbã"ã2çFw¢"À¢&–çFVw&—G’#¢'6†S"ÓDF£dÓ#„¤"¶ôƒ†´fµDÅVò¶&§tôf·W#7—V5S4æ5%%V'…35å¥”4v¦634$å‡u$—5UfÔDvw¦vÖSw§d¤‡fsÓÒ"À¢&FWb#¢G'VRÀ¢&Æ–6Vç6R#¢$Ô•B"À¢&Væv–æW2#¢°¢&æöFR#¢#ãÓ" ¢ÒÀ¢&gVæF–ær#¢°¢'W&Â#¢&‡GG3¢òöv—F‡V"æ6öÒö6†Æ²öç6’×7G–ÆW3÷7öç6÷#Ó ¢Ð¢ÒÀ¢&æöFUöÖöGVÆW2÷w2#¢°¢'fW'6–öâ#¢#‚ã#ã"À¢'&W6öÇfVB#¢&‡GG3¢ò÷&Vv—7G'’æçÖ§2æ÷&r÷w2òÒ÷w2Ó‚ã#ãçFw¢"À¢&–çFVw&—G’#¢'6†S"Ò³åFåssvddâôF¥“f²õ7õ—f³E6v§swW%s…b¶6¥†å&tG3–w”v¶F#tW¦vf„Fvõ‡5$•¤´S#†g¤•„$„W¦‡V•wsÓÒ"À¢&FWb#¢G'VRÀ¢&Æ–6Vç6R#¢$Ô•B"À¢&Væv–æW2#¢°¢&æöFR#¢#ãÓãã ¢ÒÀ¢'VW$FWVæFVæ6–W2#¢°¢&'VffW'WF–Â#¢%ãBãã"À¢'WFbÓ‚×fÆ–FFR#¢#ãÓRãã" ¢ÒÀ¢'VW$FWVæFVæ6–W4ÖWF#¢°¢&'VffW'WF–Â#¢°¢&÷F–öæÂ#¢G'VP¢ÒÀ¢'WFbÓ‚×fÆ–FFR#¢°¢&÷F–öæÂ#¢G'VP¢Ð¢Ð¢ÒÀ¢&æöFUöÖöGVÆW2÷†ÖÂÖæÖR×fÆ–FF÷"#¢°¢'fW'6–öâ#¢#Rãã"À¢'&W6öÇfVB#¢&‡GG3¢ò÷&Vv—7G'’æçÖ§2æ÷&r÷†ÖÂÖæÖR×fÆ–FF÷"òÒ÷†ÖÂÖæÖR×fÆ–FF÷"ÓRããçFw¢"À¢&–çFVw&—G’#¢'6†S"ÔWdt³„T£4F††f%&ÄUDõt3Wó”Õ¤•FVT„´§–#‡w–¥VeVVæ´–s$×dÄEE£EBõFt–6Ó4…SDd&uuv&ô£3T†sÓÒ"À¢&FWb#¢G'VRÀ¢&Æ–6Vç6R#¢$6†RÓ"ã"À¢&Væv–æW2#¢°¢&æöFR#¢#ãÓ‚ ¢Ð¢ÒÀ¢&æöFUöÖöGVÆW2÷†ÖÆ6†'2#¢°¢'fW'6–öâ#¢#"ã"ã"À¢'&W6öÇfVB#¢&‡GG3¢ò÷&Vv—7G'’æçÖ§2æ÷&r÷†ÖÆ6†'2òÒ÷†ÖÆ6†'2Ó"ã"ãçFw¢"À¢&–çFVw&—G’#¢'6†S"Ô¥¦äD´³„#$4GsƒDdæDD—¤²´§T§r·3tÇ£†æ·4“u4—US5U„¤§6ÅWF‡6’·Ut%U”÷ugususu$Å&eT·†§F¤d7sÓÒ"À¢&FWb#¢G'VRÀ¢&Æ–6Vç6R#¢$Ô•B ¢ÒÀ¢&æöFUöÖöGVÆW2÷–ö7Fò×VWVR#¢°¢'fW'6–öâ#¢#ãã"À¢'&W6öÇfVB#¢&‡GG3¢ò÷&Vv—7G'’æçÖ§2æ÷&r÷–ö7Fò×VWVRòÒ÷–ö7Fò×VWVRÓããçFw¢"À¢&–çFVw&—G’#¢'6†S"×%f·7g6ää6D¢öö„v3g†uw”ã†V†T7‡6”ÄÓ†×‡TR÷BöÔõg¦WuTóÖ”ÇD…•&uD´4ÆW„ÃDÖTefwG3t†Ôå£%ÓÒ"À¢&FWb#¢G'VRÀ¢&Æ–6Vç6R#¢$Ô•B"À¢&Væv–æW2#¢°¢&æöFR#¢#ãÓ ¢ÒÀ¢&gVæF–ær#¢°¢'W&Â#¢&‡GG3¢òöv—F‡V"æ6öÒ÷7öç6÷'2÷6–æG&W6÷&‡W2 ¢Ð¢Ð¢Ð§Ð